
Microsoft Visual Studio Solution File, Format Version 12.00
# Visual Studio Version 17
VisualStudioVersion = 17.8.34309.116
MinimumVisualStudioVersion = 10.0.40219.1
Project("{FAE04EC0-301F-11D3-BF4B-00C04F79EFBC}") = "OnlineStoreForPizzeria.Server", "OnlineStoreForPizzeria.Server\OnlineStoreForPizzeria.Server.csproj", "{23AC5E0C-3602-4914-BFEB-71A408F1171B}"
EndProject
Project("{54A90642-561A-4BB1-A94E-469ADEE60C69}") = "onlinestoreforpizzeria.client", "onlinestoreforpizzeria.client\onlinestoreforpizzeria.client.esproj", "{23D3F222-CB90-4808-B6DF-E54485F0078C}"
EndProject
Global
	GlobalSection(SolutionConfigurationPlatforms) = preSolution
		Debug|Any CPU = Debug|Any CPU
		Release|Any CPU = Release|Any CPU
	EndGlobalSection
	GlobalSection(ProjectConfigurationPlatforms) = postSolution
		{23AC5E0C-3602-4914-BFEB-71A408F1171B}.Debug|Any CPU.ActiveCfg = Debug|Any CPU
		{23AC5E0C-3602-4914-BFEB-71A408F1171B}.Debug|Any CPU.Build.0 = Debug|Any CPU
		{23AC5E0C-3602-4914-BFEB-71A408F1171B}.Release|Any CPU.ActiveCfg = Release|Any CPU
		{23AC5E0C-3602-4914-BFEB-71A408F1171B}.Release|Any CPU.Build.0 = Release|Any CPU
		{23D3F222-CB90-4808-B6DF-E54485F0078C}.Debug|Any CPU.ActiveCfg = Debug|Any CPU
		{23D3F222-CB90-4808-B6DF-E54485F0078C}.Debug|Any CPU.Build.0 = Debug|Any CPU
		{23D3F222-CB90-4808-B6DF-E54485F0078C}.Debug|Any CPU.Deploy.0 = Debug|Any CPU
		{23D3F222-CB90-4808-B6DF-E54485F0078C}.Release|Any CPU.ActiveCfg = Release|Any CPU
		{23D3F222-CB90-4808-B6DF-E54485F0078C}.Release|Any CPU.Build.0 = Release|Any CPU
		{23D3F222-CB90-4808-B6DF-E54485F0078C}.Release|Any CPU.Deploy.0 = Release|Any CPU
	EndGlobalSection
	GlobalSection(SolutionProperties) = preSolution
		HideSolutionNode = FALSE
	EndGlobalSection
	GlobalSection(ExtensibilityGlobals) = postSolution
		SolutionGuid = {9686A54D-B343-4DEC-92E6-79CBFAAC2EEA}
	EndGlobalSection
EndGlobal
